
Microsoft Visual Studio Solution File, Format Version 12.00
# Visual Studio Version 16
VisualStudioVersion = 16.0.31424.327
MinimumVisualStudioVersion = 10.0.40219.1
Project("{8BC9CEB8-8B4A-11D0-8D11-00A0C91BC942}") = "01_디버깅", "01_디버깅\01_디버깅.vcxproj", "{4D0ECF74-CBF3-45AC-A353-8B347548F243}"
EndProject
Global
	GlobalSection(SolutionConfigurationPlatforms) = preSolution
		Debug|x64 = Debug|x64
		Debug|x86 = Debug|x86
		Release|x64 = Release|x64
		Release|x86 = Release|x86
	EndGlobalSection
	GlobalSection(ProjectConfigurationPlatforms) = postSolution
		{4D0ECF74-CBF3-45AC-A353-8B347548F243}.Debug|x64.ActiveCfg = Debug|x64
		{4D0ECF74-CBF3-45AC-A353-8B347548F243}.Debug|x64.Build.0 = Debug|x64
		{4D0ECF74-CBF3-45AC-A353-8B347548F243}.Debug|x86.ActiveCfg = Debug|Win32
		{4D0ECF74-CBF3-45AC-A353-8B347548F243}.Debug|x86.Build.0 = Debug|Win32
		{4D0ECF74-CBF3-45AC-A353-8B347548F243}.Release|x64.ActiveCfg = Release|x64
		{4D0ECF74-CBF3-45AC-A353-8B347548F243}.Release|x64.Build.0 = Release|x64
		{4D0ECF74-CBF3-45AC-A353-8B347548F243}.Release|x86.ActiveCfg = Release|Win32
		{4D0ECF74-CBF3-45AC-A353-8B347548F243}.Release|x86.Build.0 = Release|Win32
	EndGlobalSection
	GlobalSection(SolutionProperties) = preSolution
		HideSolutionNode = FALSE
	EndGlobalSection
	GlobalSection(ExtensibilityGlobals) = postSolution
		SolutionGuid = {4169947C-C3C5-4A1D-A208-99095F620C4A}
	EndGlobalSection
EndGlobal
