
Microsoft Visual Studio Solution File, Format Version 12.00
# Visual Studio Version 16
VisualStudioVersion = 16.0.31424.327
MinimumVisualStudioVersion = 10.0.40219.1
Project("{8BC9CEB8-8B4A-11D0-8D11-00A0C91BC942}") = "02_함수_포인터_2", "02_함수_포인터_2\02_함수_포인터_2.vcxproj", "{2A6F2B8F-5152-47EC-89AD-436DDC3E9227}"
EndProject
Global
	GlobalSection(SolutionConfigurationPlatforms) = preSolution
		Debug|x64 = Debug|x64
		Debug|x86 = Debug|x86
		Release|x64 = Release|x64
		Release|x86 = Release|x86
	EndGlobalSection
	GlobalSection(ProjectConfigurationPlatforms) = postSolution
		{2A6F2B8F-5152-47EC-89AD-436DDC3E9227}.Debug|x64.ActiveCfg = Debug|x64
		{2A6F2B8F-5152-47EC-89AD-436DDC3E9227}.Debug|x64.Build.0 = Debug|x64
		{2A6F2B8F-5152-47EC-89AD-436DDC3E9227}.Debug|x86.ActiveCfg = Debug|Win32
		{2A6F2B8F-5152-47EC-89AD-436DDC3E9227}.Debug|x86.Build.0 = Debug|Win32
		{2A6F2B8F-5152-47EC-89AD-436DDC3E9227}.Release|x64.ActiveCfg = Release|x64
		{2A6F2B8F-5152-47EC-89AD-436DDC3E9227}.Release|x64.Build.0 = Release|x64
		{2A6F2B8F-5152-47EC-89AD-436DDC3E9227}.Release|x86.ActiveCfg = Release|Win32
		{2A6F2B8F-5152-47EC-89AD-436DDC3E9227}.Release|x86.Build.0 = Release|Win32
	EndGlobalSection
	GlobalSection(SolutionProperties) = preSolution
		HideSolutionNode = FALSE
	EndGlobalSection
	GlobalSection(ExtensibilityGlobals) = postSolution
		SolutionGuid = {AC21D559-DFCE-424E-96BB-7B4D49B74E74}
	EndGlobalSection
EndGlobal
