
Microsoft Visual Studio Solution File, Format Version 12.00
# Visual Studio Version 16
VisualStudioVersion = 16.0.31515.178
MinimumVisualStudioVersion = 10.0.40219.1
Project("{8BC9CEB8-8B4A-11D0-8D11-00A0C91BC942}") = "01", "01\01.vcxproj", "{DA97075C-4718-4CC2-872C-7F2255FF14C9}"
EndProject
Global
	GlobalSection(SolutionConfigurationPlatforms) = preSolution
		Debug|x64 = Debug|x64
		Debug|x86 = Debug|x86
		Release|x64 = Release|x64
		Release|x86 = Release|x86
	EndGlobalSection
	GlobalSection(ProjectConfigurationPlatforms) = postSolution
		{DA97075C-4718-4CC2-872C-7F2255FF14C9}.Debug|x64.ActiveCfg = Debug|x64
		{DA97075C-4718-4CC2-872C-7F2255FF14C9}.Debug|x64.Build.0 = Debug|x64
		{DA97075C-4718-4CC2-872C-7F2255FF14C9}.Debug|x86.ActiveCfg = Debug|Win32
		{DA97075C-4718-4CC2-872C-7F2255FF14C9}.Debug|x86.Build.0 = Debug|Win32
		{DA97075C-4718-4CC2-872C-7F2255FF14C9}.Release|x64.ActiveCfg = Release|x64
		{DA97075C-4718-4CC2-872C-7F2255FF14C9}.Release|x64.Build.0 = Release|x64
		{DA97075C-4718-4CC2-872C-7F2255FF14C9}.Release|x86.ActiveCfg = Release|Win32
		{DA97075C-4718-4CC2-872C-7F2255FF14C9}.Release|x86.Build.0 = Release|Win32
	EndGlobalSection
	GlobalSection(SolutionProperties) = preSolution
		HideSolutionNode = FALSE
	EndGlobalSection
	GlobalSection(ExtensibilityGlobals) = postSolution
		SolutionGuid = {5307AE68-739A-4307-902F-D407A656DD5D}
	EndGlobalSection
EndGlobal
