
Microsoft Visual Studio Solution File, Format Version 12.00
# Visual Studio Version 16
VisualStudioVersion = 16.0.31105.61
MinimumVisualStudioVersion = 10.0.40219.1
Project("{8BC9CEB8-8B4A-11D0-8D11-00A0C91BC942}") = "CPP_Study", "CPP_Study\CPP_Study.vcxproj", "{C7BB27DC-D5AB-4D3D-8EFE-A8949DC6F280}"
EndProject
Global
	GlobalSection(SolutionConfigurationPlatforms) = preSolution
		Debug|x64 = Debug|x64
		Debug|x86 = Debug|x86
		Release|x64 = Release|x64
		Release|x86 = Release|x86
	EndGlobalSection
	GlobalSection(ProjectConfigurationPlatforms) = postSolution
		{C7BB27DC-D5AB-4D3D-8EFE-A8949DC6F280}.Debug|x64.ActiveCfg = Debug|x64
		{C7BB27DC-D5AB-4D3D-8EFE-A8949DC6F280}.Debug|x64.Build.0 = Debug|x64
		{C7BB27DC-D5AB-4D3D-8EFE-A8949DC6F280}.Debug|x86.ActiveCfg = Debug|Win32
		{C7BB27DC-D5AB-4D3D-8EFE-A8949DC6F280}.Debug|x86.Build.0 = Debug|Win32
		{C7BB27DC-D5AB-4D3D-8EFE-A8949DC6F280}.Release|x64.ActiveCfg = Release|x64
		{C7BB27DC-D5AB-4D3D-8EFE-A8949DC6F280}.Release|x64.Build.0 = Release|x64
		{C7BB27DC-D5AB-4D3D-8EFE-A8949DC6F280}.Release|x86.ActiveCfg = Release|Win32
		{C7BB27DC-D5AB-4D3D-8EFE-A8949DC6F280}.Release|x86.Build.0 = Release|Win32
	EndGlobalSection
	GlobalSection(SolutionProperties) = preSolution
		HideSolutionNode = FALSE
	EndGlobalSection
	GlobalSection(ExtensibilityGlobals) = postSolution
		SolutionGuid = {151849C0-2787-42F5-B1DD-513E47D89D3A}
	EndGlobalSection
EndGlobal
